
Microsoft Visual Studio Solution File, Format Version 12.00
# Visual Studio Version 17
VisualStudioVersion = 17.14.36616.10 d17.14
MinimumVisualStudioVersion = 10.0.40219.1
Project("{FAE04EC0-301F-11D3-BF4B-00C04F79EFBC}") = "APIProjecte", "APIProjecte\APIProjecte.csproj", "{4EA404B0-9B6A-49DA-9B01-0F80DEEB3DC7}"
EndProject
Global
	GlobalSection(SolutionConfigurationPlatforms) = preSolution
		Debug|Any CPU = Debug|Any CPU
		Release|Any CPU = Release|Any CPU
	EndGlobalSection
	GlobalSection(ProjectConfigurationPlatforms) = postSolution
		{4EA404B0-9B6A-49DA-9B01-0F80DEEB3DC7}.Debug|Any CPU.ActiveCfg = Debug|Any CPU
		{4EA404B0-9B6A-49DA-9B01-0F80DEEB3DC7}.Debug|Any CPU.Build.0 = Debug|Any CPU
		{4EA404B0-9B6A-49DA-9B01-0F80DEEB3DC7}.Release|Any CPU.ActiveCfg = Release|Any CPU
		{4EA404B0-9B6A-49DA-9B01-0F80DEEB3DC7}.Release|Any CPU.Build.0 = Release|Any CPU
	EndGlobalSection
	GlobalSection(SolutionProperties) = preSolution
		HideSolutionNode = FALSE
	EndGlobalSection
	GlobalSection(ExtensibilityGlobals) = postSolution
		SolutionGuid = {23FD8712-E5D2-4268-BBB6-BACB72298D28}
	EndGlobalSection
EndGlobal
